
Microsoft Visual Studio Solution File, Format Version 12.00
# Visual Studio 15
Project("{FAE04EC0-301F-11D3-BF4B-00C04F79EFBC}") = "Assembly-CSharp", "Assembly-CSharp.csproj", "{DBFF93EE-B000-7CB6-0616-D960BA7DA846}"
EndProject
Project("{FAE04EC0-301F-11D3-BF4B-00C04F79EFBC}") = "Assembly-CSharp-Editor-firstpass", "Assembly-CSharp-Editor-firstpass.csproj", "{AC359965-20E8-9790-DDAC-CC7EE40C9A7C}"
EndProject
Global
	GlobalSection(SolutionConfigurationPlatforms) = preSolution
		Debug|Any CPU = Debug|Any CPU
		Release|Any CPU = Release|Any CPU
	EndGlobalSection
	GlobalSection(ProjectConfigurationPlatforms) = postSolution
		{DBFF93EE-B000-7CB6-0616-D960BA7DA846}.Debug|Any CPU.ActiveCfg = Debug|Any CPU
		{DBFF93EE-B000-7CB6-0616-D960BA7DA846}.Debug|Any CPU.Build.0 = Debug|Any CPU
		{DBFF93EE-B000-7CB6-0616-D960BA7DA846}.Release|Any CPU.ActiveCfg = Release|Any CPU
		{DBFF93EE-B000-7CB6-0616-D960BA7DA846}.Release|Any CPU.Build.0 = Release|Any CPU
		{AC359965-20E8-9790-DDAC-CC7EE40C9A7C}.Debug|Any CPU.ActiveCfg = Debug|Any CPU
		{AC359965-20E8-9790-DDAC-CC7EE40C9A7C}.Debug|Any CPU.Build.0 = Debug|Any CPU
		{AC359965-20E8-9790-DDAC-CC7EE40C9A7C}.Release|Any CPU.ActiveCfg = Release|Any CPU
		{AC359965-20E8-9790-DDAC-CC7EE40C9A7C}.Release|Any CPU.Build.0 = Release|Any CPU
	EndGlobalSection
	GlobalSection(SolutionProperties) = preSolution
		HideSolutionNode = FALSE
	EndGlobalSection
EndGlobal
